
Microsoft Visual Studio Solution File, Format Version 12.00
# Visual Studio 15
VisualStudioVersion = 15.0.28307.168
MinimumVisualStudioVersion = 10.0.40219.1
Project("{9A19103F-16F7-4668-BE54-9A1E7A4F7556}") = "TipCalc.Core", "TipCalc.Core\TipCalc.Core.csproj", "{0E313842-B3AF-43E4-B76D-E3E48D4616E7}"
EndProject
Project("{FAE04EC0-301F-11D3-BF4B-00C04F79EFBC}") = "TipCalc.Droid", "TipCalc.Droid\TipCalc.Droid.csproj", "{FD254313-4265-4028-9D68-CAA124E68E8C}"
EndProject
Project("{FAE04EC0-301F-11D3-BF4B-00C04F79EFBC}") = "TipCalc.iOS", "TipCalc.iOS\TipCalc.iOS.csproj", "{80A96B52-6758-4BDB-B0B4-CEA4CA155C60}"
EndProject
Global
	GlobalSection(SolutionConfigurationPlatforms) = preSolution
		Debug|Any CPU = Debug|Any CPU
		Debug|iPhone = Debug|iPhone
		Debug|iPhoneSimulator = Debug|iPhoneSimulator
		Release|Any CPU = Release|Any CPU
		Release|iPhone = Release|iPhone
		Release|iPhoneSimulator = Release|iPhoneSimulator
	EndGlobalSection
	GlobalSection(ProjectConfigurationPlatforms) = postSolution
		{0E313842-B3AF-43E4-B76D-E3E48D4616E7}.Debug|Any CPU.ActiveCfg = Debug|Any CPU
		{0E313842-B3AF-43E4-B76D-E3E48D4616E7}.Debug|Any CPU.Build.0 = Debug|Any CPU
		{0E313842-B3AF-43E4-B76D-E3E48D4616E7}.Debug|iPhone.ActiveCfg = Debug|Any CPU
		{0E313842-B3AF-43E4-B76D-E3E48D4616E7}.Debug|iPhone.Build.0 = Debug|Any CPU
		{0E313842-B3AF-43E4-B76D-E3E48D4616E7}.Debug|iPhoneSimulator.ActiveCfg = Debug|Any CPU
		{0E313842-B3AF-43E4-B76D-E3E48D4616E7}.Debug|iPhoneSimulator.Build.0 = Debug|Any CPU
		{0E313842-B3AF-43E4-B76D-E3E48D4616E7}.Release|Any CPU.ActiveCfg = Release|Any CPU
		{0E313842-B3AF-43E4-B76D-E3E48D4616E7}.Release|Any CPU.Build.0 = Release|Any CPU
		{0E313842-B3AF-43E4-B76D-E3E48D4616E7}.Release|iPhone.ActiveCfg = Release|Any CPU
		{0E313842-B3AF-43E4-B76D-E3E48D4616E7}.Release|iPhone.Build.0 = Release|Any CPU
		{0E313842-B3AF-43E4-B76D-E3E48D4616E7}.Release|iPhoneSimulator.ActiveCfg = Release|Any CPU
		{0E313842-B3AF-43E4-B76D-E3E48D4616E7}.Release|iPhoneSimulator.Build.0 = Release|Any CPU
		{FD254313-4265-4028-9D68-CAA124E68E8C}.Debug|Any CPU.ActiveCfg = Debug|Any CPU
		{FD254313-4265-4028-9D68-CAA124E68E8C}.Debug|Any CPU.Build.0 = Debug|Any CPU
		{FD254313-4265-4028-9D68-CAA124E68E8C}.Debug|Any CPU.Deploy.0 = Debug|Any CPU
		{FD254313-4265-4028-9D68-CAA124E68E8C}.Debug|iPhone.ActiveCfg = Debug|Any CPU
		{FD254313-4265-4028-9D68-CAA124E68E8C}.Debug|iPhone.Build.0 = Debug|Any CPU
		{FD254313-4265-4028-9D68-CAA124E68E8C}.Debug|iPhone.Deploy.0 = Debug|Any CPU
		{FD254313-4265-4028-9D68-CAA124E68E8C}.Debug|iPhoneSimulator.ActiveCfg = Debug|Any CPU
		{FD254313-4265-4028-9D68-CAA124E68E8C}.Debug|iPhoneSimulator.Build.0 = Debug|Any CPU
		{FD254313-4265-4028-9D68-CAA124E68E8C}.Debug|iPhoneSimulator.Deploy.0 = Debug|Any CPU
		{FD254313-4265-4028-9D68-CAA124E68E8C}.Release|Any CPU.ActiveCfg = Release|Any CPU
		{FD254313-4265-4028-9D68-CAA124E68E8C}.Release|Any CPU.Build.0 = Release|Any CPU
		{FD254313-4265-4028-9D68-CAA124E68E8C}.Release|Any CPU.Deploy.0 = Release|Any CPU
		{FD254313-4265-4028-9D68-CAA124E68E8C}.Release|iPhone.ActiveCfg = Release|Any CPU
		{FD254313-4265-4028-9D68-CAA124E68E8C}.Release|iPhone.Build.0 = Release|Any CPU
		{FD254313-4265-4028-9D68-CAA124E68E8C}.Release|iPhone.Deploy.0 = Release|Any CPU
		{FD254313-4265-4028-9D68-CAA124E68E8C}.Release|iPhoneSimulator.ActiveCfg = Release|Any CPU
		{FD254313-4265-4028-9D68-CAA124E68E8C}.Release|iPhoneSimulator.Build.0 = Release|Any CPU
		{FD254313-4265-4028-9D68-CAA124E68E8C}.Release|iPhoneSimulator.Deploy.0 = Release|Any CPU
		{80A96B52-6758-4BDB-B0B4-CEA4CA155C60}.Debug|Any CPU.ActiveCfg = Debug|iPhone
		{80A96B52-6758-4BDB-B0B4-CEA4CA155C60}.Debug|iPhone.ActiveCfg = Debug|iPhone
		{80A96B52-6758-4BDB-B0B4-CEA4CA155C60}.Debug|iPhone.Build.0 = Debug|iPhone
		{80A96B52-6758-4BDB-B0B4-CEA4CA155C60}.Debug|iPhoneSimulator.ActiveCfg = Debug|iPhoneSimulator
		{80A96B52-6758-4BDB-B0B4-CEA4CA155C60}.Debug|iPhoneSimulator.Build.0 = Debug|iPhoneSimulator
		{80A96B52-6758-4BDB-B0B4-CEA4CA155C60}.Release|Any CPU.ActiveCfg = Release|iPhone
		{80A96B52-6758-4BDB-B0B4-CEA4CA155C60}.Release|iPhone.ActiveCfg = Release|iPhone
		{80A96B52-6758-4BDB-B0B4-CEA4CA155C60}.Release|iPhone.Build.0 = Release|iPhone
		{80A96B52-6758-4BDB-B0B4-CEA4CA155C60}.Release|iPhoneSimulator.ActiveCfg = Release|iPhoneSimulator
		{80A96B52-6758-4BDB-B0B4-CEA4CA155C60}.Release|iPhoneSimulator.Build.0 = Release|iPhoneSimulator
	EndGlobalSection
	GlobalSection(SolutionProperties) = preSolution
		HideSolutionNode = FALSE
	EndGlobalSection
	GlobalSection(ExtensibilityGlobals) = postSolution
		SolutionGuid = {CD47B483-C9C2-469F-9452-B51D8538002A}
	EndGlobalSection
EndGlobal
